
Microsoft Visual Studio Solution File, Format Version 12.00
# Visual Studio Version 17
VisualStudioVersion = 17.8.34330.188
MinimumVisualStudioVersion = 10.0.40219.1
Project("{FAE04EC0-301F-11D3-BF4B-00C04F79EFBC}") = "NoteTaking", "NoteTaking.csproj", "{E50DD7D8-31D9-4577-8532-EAF72A27A4FF}"
EndProject
Global
	GlobalSection(SolutionConfigurationPlatforms) = preSolution
		Debug|Any CPU = Debug|Any CPU
		Release|Any CPU = Release|Any CPU
	EndGlobalSection
	GlobalSection(ProjectConfigurationPlatforms) = postSolution
		{E50DD7D8-31D9-4577-8532-EAF72A27A4FF}.Debug|Any CPU.ActiveCfg = Debug|Any CPU
		{E50DD7D8-31D9-4577-8532-EAF72A27A4FF}.Debug|Any CPU.Build.0 = Debug|Any CPU
		{E50DD7D8-31D9-4577-8532-EAF72A27A4FF}.Release|Any CPU.ActiveCfg = Release|Any CPU
		{E50DD7D8-31D9-4577-8532-EAF72A27A4FF}.Release|Any CPU.Build.0 = Release|Any CPU
	EndGlobalSection
	GlobalSection(SolutionProperties) = preSolution
		HideSolutionNode = FALSE
	EndGlobalSection
	GlobalSection(ExtensibilityGlobals) = postSolution
		SolutionGuid = {567B9158-CA2D-4999-94C3-19C34324A597}
	EndGlobalSection
EndGlobal
